// !$*UTF8*$!
{
	archiveVersion = 1;
	classes = {
	};
	objectVersion = 46;
	objects = {

/* Begin PBXBuildFile section */
		271D37041B9DEEB3008FF159 /* About.storyboard in Resources */ = {isa = PBXBuildFile; fileRef = 271D37031B9DEEB3008FF159 /* About.storyboard */; settings = {ASSET_TAGS = (); }; };
		271D37081B9DEF85008FF159 /* AboutVC.swift in Sources */ = {isa = PBXBuildFile; fileRef = 271D37071B9DEF85008FF159 /* AboutVC.swift */; settings = {ASSET_TAGS = (); }; };
		272B7ACC1B98C524005785AA /* ActionVC.swift in Sources */ = {isa = PBXBuildFile; fileRef = 272B7ACB1B98C524005785AA /* ActionVC.swift */; };
		272B7ACF1B98C524005785AA /* MainInterface.storyboard in Resources */ = {isa = PBXBuildFile; fileRef = 272B7ACD1B98C524005785AA /* MainInterface.storyboard */; };
		272B7AD31B98C524005785AA /* EnterPassword.appex in Embed App Extensions */ = {isa = PBXBuildFile; fileRef = 272B7AC91B98C524005785AA /* EnterPassword.appex */; settings = {ATTRIBUTES = (RemoveHeadersOnCopy, ); }; };
		272B7AD81B98CE7C005785AA /* PasswordManager.swift in Sources */ = {isa = PBXBuildFile; fileRef = 27FAF90F1B98928200619BD3 /* PasswordManager.swift */; };
		272B7AD91B98CF55005785AA /* String+Extensions.swift in Sources */ = {isa = PBXBuildFile; fileRef = 27FAF9151B98A03900619BD3 /* String+Extensions.swift */; };
		272B7ADA1B98D618005785AA /* Images.xcassets in Resources */ = {isa = PBXBuildFile; fileRef = 27FAF8F61B98926C00619BD3 /* Images.xcassets */; };
		272B7ADC1B98F041005785AA /* LocalAuthentication.framework in Frameworks */ = {isa = PBXBuildFile; fileRef = 272B7ADB1B98F041005785AA /* LocalAuthentication.framework */; };
		272B7ADD1B98F079005785AA /* LocalAuthentication.framework in Frameworks */ = {isa = PBXBuildFile; fileRef = 272B7ADB1B98F041005785AA /* LocalAuthentication.framework */; };
		27365DA61B9916C20036A180 /* NoPasteTextField.swift in Sources */ = {isa = PBXBuildFile; fileRef = 27365DA51B9916C20036A180 /* NoPasteTextField.swift */; };
		273EA6071B9B5675005589C6 /* TestConstants.swift in Sources */ = {isa = PBXBuildFile; fileRef = 273EA6061B9B5675005589C6 /* TestConstants.swift */; settings = {ASSET_TAGS = (); }; };
		273EA6081B9B575E005589C6 /* PasswordManager.swift in Sources */ = {isa = PBXBuildFile; fileRef = 27FAF90F1B98928200619BD3 /* PasswordManager.swift */; settings = {ASSET_TAGS = (); }; };
		273EA6091B9B5941005589C6 /* String+Extensions.swift in Sources */ = {isa = PBXBuildFile; fileRef = 27FAF9151B98A03900619BD3 /* String+Extensions.swift */; settings = {ASSET_TAGS = (); }; };
		273EA60A1B9B59A4005589C6 /* Constants.swift in Sources */ = {isa = PBXBuildFile; fileRef = 27F53D511B98F98A00550CBE /* Constants.swift */; settings = {ASSET_TAGS = (); }; };
		27414B2C1B9A88BF00B490C5 /* Tutorial.storyboard in Resources */ = {isa = PBXBuildFile; fileRef = 27414B2B1B9A88BF00B490C5 /* Tutorial.storyboard */; settings = {ASSET_TAGS = (); }; };
		27414B2E1B9A8B2400B490C5 /* TutorialVC.swift in Sources */ = {isa = PBXBuildFile; fileRef = 27414B2D1B9A8B2400B490C5 /* TutorialVC.swift */; settings = {ASSET_TAGS = (); }; };
		27414B301B9A905500B490C5 /* TutorialContainerVC.swift in Sources */ = {isa = PBXBuildFile; fileRef = 27414B2F1B9A905500B490C5 /* TutorialContainerVC.swift */; settings = {ASSET_TAGS = (); }; };
		2742D7491B9B9B7E005061CD /* Constants.swift in Sources */ = {isa = PBXBuildFile; fileRef = 27F53D511B98F98A00550CBE /* Constants.swift */; settings = {ASSET_TAGS = (); }; };
		274AF6C51B9B757F00AF6DFB /* Main.storyboard in Resources */ = {isa = PBXBuildFile; fileRef = 27FAF8F31B98926C00619BD3 /* Main.storyboard */; };
		274AF6C71B9B8C0900AF6DFB /* TutorialPageVC.swift in Sources */ = {isa = PBXBuildFile; fileRef = 274AF6C61B9B8C0900AF6DFB /* TutorialPageVC.swift */; settings = {ASSET_TAGS = (); }; };
		274AF6D01B9B992700AF6DFB /* ZeroStoreUITests.swift in Sources */ = {isa = PBXBuildFile; fileRef = 274AF6CF1B9B992700AF6DFB /* ZeroStoreUITests.swift */; };
		2794713F1B9A0B8A001359C7 /* LaunchScreen.storyboard in Resources */ = {isa = PBXBuildFile; fileRef = 2794713E1B9A0B8A001359C7 /* LaunchScreen.storyboard */; settings = {ASSET_TAGS = (); }; };
		27F53D521B98F98A00550CBE /* Constants.swift in Sources */ = {isa = PBXBuildFile; fileRef = 27F53D511B98F98A00550CBE /* Constants.swift */; };
		27F53D531B98F98D00550CBE /* Constants.swift in Sources */ = {isa = PBXBuildFile; fileRef = 27F53D511B98F98A00550CBE /* Constants.swift */; };
		27F53D581B99004400550CBE /* ChangePasswordVC.swift in Sources */ = {isa = PBXBuildFile; fileRef = 27F53D571B99004400550CBE /* ChangePasswordVC.swift */; };
		27FAF8F01B98926C00619BD3 /* AppDelegate.swift in Sources */ = {isa = PBXBuildFile; fileRef = 27FAF8EF1B98926C00619BD3 /* AppDelegate.swift */; };
		27FAF8F21B98926C00619BD3 /* SettingsVC.swift in Sources */ = {isa = PBXBuildFile; fileRef = 27FAF8F11B98926C00619BD3 /* SettingsVC.swift */; };
		27FAF8F71B98926C00619BD3 /* Images.xcassets in Resources */ = {isa = PBXBuildFile; fileRef = 27FAF8F61B98926C00619BD3 /* Images.xcassets */; };
		27FAF9061B98926C00619BD3 /* TestPasswordGeneration.swift in Sources */ = {isa = PBXBuildFile; fileRef = 27FAF9051B98926C00619BD3 /* TestPasswordGeneration.swift */; };
		27FAF9101B98928200619BD3 /* PasswordManager.swift in Sources */ = {isa = PBXBuildFile; fileRef = 27FAF90F1B98928200619BD3 /* PasswordManager.swift */; };
		27FAF9161B98A03900619BD3 /* String+Extensions.swift in Sources */ = {isa = PBXBuildFile; fileRef = 27FAF9151B98A03900619BD3 /* String+Extensions.swift */; };
		31B0E84BC8D758EE2921049F /* Pods.framework in Frameworks */ = {isa = PBXBuildFile; fileRef = 99D0B543176B7E6E804CF8AC /* Pods.framework */; settings = {ATTRIBUTES = (Weak, ); }; };
		A69792873218B112B3842E2C /* Pods.framework in Frameworks */ = {isa = PBXBuildFile; fileRef = 99D0B543176B7E6E804CF8AC /* Pods.framework */; settings = {ATTRIBUTES = (Weak, ); }; };
/* End PBXBuildFile section */

/* Begin PBXContainerItemProxy section */
		272B7AD11B98C524005785AA /* PBXContainerItemProxy */ = {
			isa = PBXContainerItemProxy;
			containerPortal = 27FAF8E21B98926C00619BD3 /* Project object */;
			proxyType = 1;
			remoteGlobalIDString = 272B7AC81B98C524005785AA;
			remoteInfo = EnterPassword;
		};
		274AF6D21B9B992700AF6DFB /* PBXContainerItemProxy */ = {
			isa = PBXContainerItemProxy;
			containerPortal = 27FAF8E21B98926C00619BD3 /* Project object */;
			proxyType = 1;
			remoteGlobalIDString = 27FAF8E91B98926C00619BD3;
			remoteInfo = ZeroStore;
		};
		27FAF9001B98926C00619BD3 /* PBXContainerItemProxy */ = {
			isa = PBXContainerItemProxy;
			containerPortal = 27FAF8E21B98926C00619BD3 /* Project object */;
			proxyType = 1;
			remoteGlobalIDString = 27FAF8E91B98926C00619BD3;
			remoteInfo = ZeroStore;
		};
/* End PBXContainerItemProxy section */

/* Begin PBXCopyFilesBuildPhase section */
		272B7AD71B98C524005785AA /* Embed App Extensions */ = {
			isa = PBXCopyFilesBuildPhase;
			buildActionMask = 2147483647;
			dstPath = "";
			dstSubfolderSpec = 13;
			files = (
				272B7AD31B98C524005785AA /* EnterPassword.appex in Embed App Extensions */,
			);
			name = "Embed App Extensions";
			runOnlyForDeploymentPostprocessing = 0;
		};
/* End PBXCopyFilesBuildPhase section */

/* Begin PBXFileReference section */
		271D37031B9DEEB3008FF159 /* About.storyboard */ = {isa = PBXFileReference; fileEncoding = 4; lastKnownFileType = file.storyboard; path = About.storyboard; sourceTree = "<group>"; };
		271D37071B9DEF85008FF159 /* AboutVC.swift */ = {isa = PBXFileReference; fileEncoding = 4; lastKnownFileType = sourcecode.swift; path = AboutVC.swift; sourceTree = "<group>"; };
		272B7AC91B98C524005785AA /* EnterPassword.appex */ = {isa = PBXFileReference; explicitFileType = "wrapper.app-extension"; includeInIndex = 0; path = EnterPassword.appex; sourceTree = BUILT_PRODUCTS_DIR; };
		272B7ACB1B98C524005785AA /* ActionVC.swift */ = {isa = PBXFileReference; lastKnownFileType = sourcecode.swift; path = ActionVC.swift; sourceTree = "<group>"; };
		272B7ACE1B98C524005785AA /* Base */ = {isa = PBXFileReference; lastKnownFileType = file.storyboard; name = Base; path = Base.lproj/MainInterface.storyboard; sourceTree = "<group>"; };
		272B7AD01B98C524005785AA /* Info.plist */ = {isa = PBXFileReference; lastKnownFileType = text.plist.xml; path = Info.plist; sourceTree = "<group>"; };
		272B7ADB1B98F041005785AA /* LocalAuthentication.framework */ = {isa = PBXFileReference; lastKnownFileType = wrapper.framework; name = LocalAuthentication.framework; path = System/Library/Frameworks/LocalAuthentication.framework; sourceTree = SDKROOT; };
		27365DA51B9916C20036A180 /* NoPasteTextField.swift */ = {isa = PBXFileReference; fileEncoding = 4; lastKnownFileType = sourcecode.swift; path = NoPasteTextField.swift; sourceTree = "<group>"; };
		27365DA71B991A4B0036A180 /* ZeroStore.entitlements */ = {isa = PBXFileReference; lastKnownFileType = text.xml; path = ZeroStore.entitlements; sourceTree = "<group>"; };
		27365DA81B991A740036A180 /* EnterPassword.entitlements */ = {isa = PBXFileReference; lastKnownFileType = text.xml; path = EnterPassword.entitlements; sourceTree = "<group>"; };
		273EA6061B9B5675005589C6 /* TestConstants.swift */ = {isa = PBXFileReference; fileEncoding = 4; lastKnownFileType = sourcecode.swift; path = TestConstants.swift; sourceTree = "<group>"; };
		27414B2B1B9A88BF00B490C5 /* Tutorial.storyboard */ = {isa = PBXFileReference; fileEncoding = 4; lastKnownFileType = file.storyboard; path = Tutorial.storyboard; sourceTree = "<group>"; };
		27414B2D1B9A8B2400B490C5 /* TutorialVC.swift */ = {isa = PBXFileReference; fileEncoding = 4; lastKnownFileType = sourcecode.swift; path = TutorialVC.swift; sourceTree = "<group>"; };
		27414B2F1B9A905500B490C5 /* TutorialContainerVC.swift */ = {isa = PBXFileReference; fileEncoding = 4; lastKnownFileType = sourcecode.swift; path = TutorialContainerVC.swift; sourceTree = "<group>"; };
		274AF6C61B9B8C0900AF6DFB /* TutorialPageVC.swift */ = {isa = PBXFileReference; fileEncoding = 4; lastKnownFileType = sourcecode.swift; path = TutorialPageVC.swift; sourceTree = "<group>"; };
		274AF6CD1B9B992700AF6DFB /* ZeroStoreUITests.xctest */ = {isa = PBXFileReference; explicitFileType = wrapper.cfbundle; includeInIndex = 0; path = ZeroStoreUITests.xctest; sourceTree = BUILT_PRODUCTS_DIR; };
		274AF6CF1B9B992700AF6DFB /* ZeroStoreUITests.swift */ = {isa = PBXFileReference; lastKnownFileType = sourcecode.swift; path = ZeroStoreUITests.swift; sourceTree = "<group>"; };
		274AF6D11B9B992700AF6DFB /* Info.plist */ = {isa = PBXFileReference; lastKnownFileType = text.plist.xml; path = Info.plist; sourceTree = "<group>"; };
		2794713E1B9A0B8A001359C7 /* LaunchScreen.storyboard */ = {isa = PBXFileReference; fileEncoding = 4; lastKnownFileType = file.storyboard; path = LaunchScreen.storyboard; sourceTree = "<group>"; };
		27F53D511B98F98A00550CBE /* Constants.swift */ = {isa = PBXFileReference; fileEncoding = 4; lastKnownFileType = sourcecode.swift; path = Constants.swift; sourceTree = "<group>"; };
		27F53D571B99004400550CBE /* ChangePasswordVC.swift */ = {isa = PBXFileReference; fileEncoding = 4; lastKnownFileType = sourcecode.swift; path = ChangePasswordVC.swift; sourceTree = "<group>"; };
		27FAF8EA1B98926C00619BD3 /* ZeroStore.app */ = {isa = PBXFileReference; explicitFileType = wrapper.application; includeInIndex = 0; path = ZeroStore.app; sourceTree = BUILT_PRODUCTS_DIR; };
		27FAF8EE1B98926C00619BD3 /* Info.plist */ = {isa = PBXFileReference; lastKnownFileType = text.plist.xml; path = Info.plist; sourceTree = "<group>"; };
		27FAF8EF1B98926C00619BD3 /* AppDelegate.swift */ = {isa = PBXFileReference; lastKnownFileType = sourcecode.swift; path = AppDelegate.swift; sourceTree = "<group>"; };
		27FAF8F11B98926C00619BD3 /* SettingsVC.swift */ = {isa = PBXFileReference; lastKnownFileType = sourcecode.swift; path = SettingsVC.swift; sourceTree = "<group>"; };
		27FAF8F41B98926C00619BD3 /* Base */ = {isa = PBXFileReference; lastKnownFileType = file.storyboard; name = Base; path = Base.lproj/Main.storyboard; sourceTree = "<group>"; };
		27FAF8F61B98926C00619BD3 /* Images.xcassets */ = {isa = PBXFileReference; lastKnownFileType = folder.assetcatalog; path = Images.xcassets; sourceTree = "<group>"; };
		27FAF8FF1B98926C00619BD3 /* ZeroStoreTests.xctest */ = {isa = PBXFileReference; explicitFileType = wrapper.cfbundle; includeInIndex = 0; path = ZeroStoreTests.xctest; sourceTree = BUILT_PRODUCTS_DIR; };
		27FAF9041B98926C00619BD3 /* Info.plist */ = {isa = PBXFileReference; lastKnownFileType = text.plist.xml; path = Info.plist; sourceTree = "<group>"; };
		27FAF9051B98926C00619BD3 /* TestPasswordGeneration.swift */ = {isa = PBXFileReference; lastKnownFileType = sourcecode.swift; path = TestPasswordGeneration.swift; sourceTree = "<group>"; };
		27FAF90F1B98928200619BD3 /* PasswordManager.swift */ = {isa = PBXFileReference; fileEncoding = 4; lastKnownFileType = sourcecode.swift; path = PasswordManager.swift; sourceTree = "<group>"; };
		27FAF9111B989DD300619BD3 /* ZeroStore-Bridging-Header.h */ = {isa = PBXFileReference; lastKnownFileType = sourcecode.c.h; path = "ZeroStore-Bridging-Header.h"; sourceTree = "<group>"; };
		27FAF9151B98A03900619BD3 /* String+Extensions.swift */ = {isa = PBXFileReference; fileEncoding = 4; lastKnownFileType = sourcecode.swift; path = "String+Extensions.swift"; sourceTree = "<group>"; };
		99D0B543176B7E6E804CF8AC /* Pods.framework */ = {isa = PBXFileReference; explicitFileType = wrapper.framework; includeInIndex = 0; path = Pods.framework; sourceTree = BUILT_PRODUCTS_DIR; };
		ACF77F493C2EB06CA67BFCF5 /* Pods.release.xcconfig */ = {isa = PBXFileReference; includeInIndex = 1; lastKnownFileType = text.xcconfig; name = Pods.release.xcconfig; path = "Pods/Target Support Files/Pods/Pods.release.xcconfig"; sourceTree = "<group>"; };
		B6D873D2935D79FF5A63A787 /* Pods.debug.xcconfig */ = {isa = PBXFileReference; includeInIndex = 1; lastKnownFileType = text.xcconfig; name = Pods.debug.xcconfig; path = "Pods/Target Support Files/Pods/Pods.debug.xcconfig"; sourceTree = "<group>"; };
/* End PBXFileReference section */

/* Begin PBXFrameworksBuildPhase section */
		272B7AC61B98C524005785AA /* Frameworks */ = {
			isa = PBXFrameworksBuildPhase;
			buildActionMask = 2147483647;
			files = (
				272B7ADC1B98F041005785AA /* LocalAuthentication.framework in Frameworks */,
				31B0E84BC8D758EE2921049F /* Pods.framework in Frameworks */,
			);
			runOnlyForDeploymentPostprocessing = 0;
		};
		274AF6CA1B9B992700AF6DFB /* Frameworks */ = {
			isa = PBXFrameworksBuildPhase;
			buildActionMask = 2147483647;
			files = (
			);
			runOnlyForDeploymentPostprocessing = 0;
		};
		27FAF8E71B98926C00619BD3 /* Frameworks */ = {
			isa = PBXFrameworksBuildPhase;
			buildActionMask = 2147483647;
			files = (
				272B7ADD1B98F079005785AA /* LocalAuthentication.framework in Frameworks */,
				A69792873218B112B3842E2C /* Pods.framework in Frameworks */,
			);
			runOnlyForDeploymentPostprocessing = 0;
		};
		27FAF8FC1B98926C00619BD3 /* Frameworks */ = {
			isa = PBXFrameworksBuildPhase;
			buildActionMask = 2147483647;
			files = (
			);
			runOnlyForDeploymentPostprocessing = 0;
		};
/* End PBXFrameworksBuildPhase section */

/* Begin PBXGroup section */
		173111CF04FB681F8017207E /* Pods */ = {
			isa = PBXGroup;
			children = (
				B6D873D2935D79FF5A63A787 /* Pods.debug.xcconfig */,
				ACF77F493C2EB06CA67BFCF5 /* Pods.release.xcconfig */,
			);
			name = Pods;
			sourceTree = "<group>";
		};
		271D37051B9DEF71008FF159 /* About */ = {
			isa = PBXGroup;
			children = (
				271D37071B9DEF85008FF159 /* AboutVC.swift */,
			);
			name = About;
			sourceTree = "<group>";
		};
		271D37061B9DEF78008FF159 /* Main */ = {
			isa = PBXGroup;
			children = (
				27FAF8F11B98926C00619BD3 /* SettingsVC.swift */,
				27F53D571B99004400550CBE /* ChangePasswordVC.swift */,
			);
			name = Main;
			sourceTree = "<group>";
		};
		272B7ACA1B98C524005785AA /* EnterPassword */ = {
			isa = PBXGroup;
			children = (
				27365DA81B991A740036A180 /* EnterPassword.entitlements */,
				272B7ACB1B98C524005785AA /* ActionVC.swift */,
				272B7ACD1B98C524005785AA /* MainInterface.storyboard */,
				272B7AD01B98C524005785AA /* Info.plist */,
			);
			path = EnterPassword;
			sourceTree = "<group>";
		};
		274AF6C81B9B8C0D00AF6DFB /* Tutorial */ = {
			isa = PBXGroup;
			children = (
				27414B2F1B9A905500B490C5 /* TutorialContainerVC.swift */,
				27414B2D1B9A8B2400B490C5 /* TutorialVC.swift */,
				274AF6C61B9B8C0900AF6DFB /* TutorialPageVC.swift */,
			);
			name = Tutorial;
			sourceTree = "<group>";
		};
		274AF6CE1B9B992700AF6DFB /* ZeroStoreUITests */ = {
			isa = PBXGroup;
			children = (
				274AF6CF1B9B992700AF6DFB /* ZeroStoreUITests.swift */,
				274AF6D11B9B992700AF6DFB /* Info.plist */,
			);
			path = ZeroStoreUITests;
			sourceTree = "<group>";
		};
		27F53D541B99000500550CBE /* Classes and Extensions */ = {
			isa = PBXGroup;
			children = (
				27FAF90F1B98928200619BD3 /* PasswordManager.swift */,
				27365DA51B9916C20036A180 /* NoPasteTextField.swift */,
				27FAF9151B98A03900619BD3 /* String+Extensions.swift */,
			);
			name = "Classes and Extensions";
			sourceTree = "<group>";
		};
		27F53D551B99001300550CBE /* View Controllers */ = {
			isa = PBXGroup;
			children = (
				271D37061B9DEF78008FF159 /* Main */,
				274AF6C81B9B8C0D00AF6DFB /* Tutorial */,
				271D37051B9DEF71008FF159 /* About */,
			);
			name = "View Controllers";
			sourceTree = "<group>";
		};
		27F53D561B99001B00550CBE /* Storyboards */ = {
			isa = PBXGroup;
			children = (
				27FAF8F31B98926C00619BD3 /* Main.storyboard */,
				27414B2B1B9A88BF00B490C5 /* Tutorial.storyboard */,
				271D37031B9DEEB3008FF159 /* About.storyboard */,
				2794713E1B9A0B8A001359C7 /* LaunchScreen.storyboard */,
			);
			name = Storyboards;
			sourceTree = "<group>";
		};
		27FAF8E11B98926C00619BD3 = {
			isa = PBXGroup;
			children = (
				27FAF8EC1B98926C00619BD3 /* ZeroStore */,
				272B7ACA1B98C524005785AA /* EnterPassword */,
				27FAF9021B98926C00619BD3 /* ZeroStoreTests */,
				274AF6CE1B9B992700AF6DFB /* ZeroStoreUITests */,
				27FAF8EB1B98926C00619BD3 /* Products */,
				173111CF04FB681F8017207E /* Pods */,
				337B7BD557B8428D27D5587B /* Frameworks */,
			);
			sourceTree = "<group>";
		};
		27FAF8EB1B98926C00619BD3 /* Products */ = {
			isa = PBXGroup;
			children = (
				27FAF8EA1B98926C00619BD3 /* ZeroStore.app */,
				27FAF8FF1B98926C00619BD3 /* ZeroStoreTests.xctest */,
				272B7AC91B98C524005785AA /* EnterPassword.appex */,
				274AF6CD1B9B992700AF6DFB /* ZeroStoreUITests.xctest */,
			);
			name = Products;
			sourceTree = "<group>";
		};
		27FAF8EC1B98926C00619BD3 /* ZeroStore */ = {
			isa = PBXGroup;
			children = (
				27FAF8EF1B98926C00619BD3 /* AppDelegate.swift */,
				27F53D511B98F98A00550CBE /* Constants.swift */,
				27F53D561B99001B00550CBE /* Storyboards */,
				27F53D551B99001300550CBE /* View Controllers */,
				27F53D541B99000500550CBE /* Classes and Extensions */,
				27FAF8F61B98926C00619BD3 /* Images.xcassets */,
				27FAF8ED1B98926C00619BD3 /* Supporting Files */,
			);
			path = ZeroStore;
			sourceTree = "<group>";
		};
		27FAF8ED1B98926C00619BD3 /* Supporting Files */ = {
			isa = PBXGroup;
			children = (
				27365DA71B991A4B0036A180 /* ZeroStore.entitlements */,
				27FAF8EE1B98926C00619BD3 /* Info.plist */,
				27FAF9111B989DD300619BD3 /* ZeroStore-Bridging-Header.h */,
			);
			name = "Supporting Files";
			sourceTree = "<group>";
		};
		27FAF9021B98926C00619BD3 /* ZeroStoreTests */ = {
			isa = PBXGroup;
			children = (
				27FAF9051B98926C00619BD3 /* TestPasswordGeneration.swift */,
				273EA6061B9B5675005589C6 /* TestConstants.swift */,
				27FAF9031B98926C00619BD3 /* Supporting Files */,
			);
			path = ZeroStoreTests;
			sourceTree = "<group>";
		};
		27FAF9031B98926C00619BD3 /* Supporting Files */ = {
			isa = PBXGroup;
			children = (
				27FAF9041B98926C00619BD3 /* Info.plist */,
			);
			name = "Supporting Files";
			sourceTree = "<group>";
		};
		337B7BD557B8428D27D5587B /* Frameworks */ = {
			isa = PBXGroup;
			children = (
				272B7ADB1B98F041005785AA /* LocalAuthentication.framework */,
				99D0B543176B7E6E804CF8AC /* Pods.framework */,
			);
			name = Frameworks;
			sourceTree = "<group>";
		};
/* End PBXGroup section */

/* Begin PBXNativeTarget section */
		272B7AC81B98C524005785AA /* EnterPassword */ = {
			isa = PBXNativeTarget;
			buildConfigurationList = 272B7AD61B98C524005785AA /* Build configuration list for PBXNativeTarget "EnterPassword" */;
			buildPhases = (
				583EB1DC26342CDF3F96C630 /* Check Pods Manifest.lock */,
				272B7AC51B98C524005785AA /* Sources */,
				272B7AC61B98C524005785AA /* Frameworks */,
				272B7AC71B98C524005785AA /* Resources */,
			);
			buildRules = (
			);
			dependencies = (
			);
			name = EnterPassword;
			productName = EnterPassword;
			productReference = 272B7AC91B98C524005785AA /* EnterPassword.appex */;
			productType = "com.apple.product-type.app-extension";
		};
		274AF6CC1B9B992700AF6DFB /* ZeroStoreUITests */ = {
			isa = PBXNativeTarget;
			buildConfigurationList = 274AF6D41B9B992700AF6DFB /* Build configuration list for PBXNativeTarget "ZeroStoreUITests" */;
			buildPhases = (
				274AF6C91B9B992700AF6DFB /* Sources */,
				274AF6CA1B9B992700AF6DFB /* Frameworks */,
				274AF6CB1B9B992700AF6DFB /* Resources */,
			);
			buildRules = (
			);
			dependencies = (
				274AF6D31B9B992700AF6DFB /* PBXTargetDependency */,
			);
			name = ZeroStoreUITests;
			productName = ZeroStoreUITests;
			productReference = 274AF6CD1B9B992700AF6DFB /* ZeroStoreUITests.xctest */;
			productType = "com.apple.product-type.bundle.ui-testing";
		};
		27FAF8E91B98926C00619BD3 /* ZeroStore */ = {
			isa = PBXNativeTarget;
			buildConfigurationList = 27FAF9091B98926C00619BD3 /* Build configuration list for PBXNativeTarget "ZeroStore" */;
			buildPhases = (
				EFDA2E911ACA91A1BC720417 /* Check Pods Manifest.lock */,
				27FAF8E61B98926C00619BD3 /* Sources */,
				27FAF8E71B98926C00619BD3 /* Frameworks */,
				27FAF8E81B98926C00619BD3 /* Resources */,
				170A49848F6B9A1C4D8B5B7E /* Embed Pods Frameworks */,
				27A8E7F4C657E718A0C5F03E /* Copy Pods Resources */,
				272B7AD71B98C524005785AA /* Embed App Extensions */,
			);
			buildRules = (
			);
			dependencies = (
				272B7AD21B98C524005785AA /* PBXTargetDependency */,
			);
			name = ZeroStore;
			productName = ZeroStore;
			productReference = 27FAF8EA1B98926C00619BD3 /* ZeroStore.app */;
			productType = "com.apple.product-type.application";
		};
		27FAF8FE1B98926C00619BD3 /* ZeroStoreTests */ = {
			isa = PBXNativeTarget;
			buildConfigurationList = 27FAF90C1B98926C00619BD3 /* Build configuration list for PBXNativeTarget "ZeroStoreTests" */;
			buildPhases = (
				27FAF8FB1B98926C00619BD3 /* Sources */,
				27FAF8FC1B98926C00619BD3 /* Frameworks */,
				27FAF8FD1B98926C00619BD3 /* Resources */,
			);
			buildRules = (
			);
			dependencies = (
				27FAF9011B98926C00619BD3 /* PBXTargetDependency */,
			);
			name = ZeroStoreTests;
			productName = ZeroStoreTests;
			productReference = 27FAF8FF1B98926C00619BD3 /* ZeroStoreTests.xctest */;
			productType = "com.apple.product-type.bundle.unit-test";
		};
/* End PBXNativeTarget section */

/* Begin PBXProject section */
		27FAF8E21B98926C00619BD3 /* Project object */ = {
			isa = PBXProject;
			attributes = {
				LastSwiftMigration = 0700;
				LastSwiftUpdateCheck = 0700;
				LastUpgradeCheck = 0700;
				ORGANIZATIONNAME = "Kyle Bashour";
				TargetAttributes = {
					272B7AC81B98C524005785AA = {
						CreatedOnToolsVersion = 7.0;
						DevelopmentTeam = ZEAD23GG77;
						SystemCapabilities = {
							com.apple.ApplicationGroups.iOS = {
								enabled = 1;
							};
							com.apple.Keychain = {
								enabled = 1;
							};
						};
					};
					274AF6CC1B9B992700AF6DFB = {
						CreatedOnToolsVersion = 7.0;
						TestTargetID = 27FAF8E91B98926C00619BD3;
					};
					27FAF8E91B98926C00619BD3 = {
						CreatedOnToolsVersion = 6.4;
						DevelopmentTeam = ZEAD23GG77;
						SystemCapabilities = {
							com.apple.ApplicationGroups.iOS = {
								enabled = 1;
							};
							com.apple.Keychain = {
								enabled = 1;
							};
						};
					};
					27FAF8FE1B98926C00619BD3 = {
						CreatedOnToolsVersion = 6.4;
						TestTargetID = 27FAF8E91B98926C00619BD3;
					};
				};
			};
			buildConfigurationList = 27FAF8E51B98926C00619BD3 /* Build configuration list for PBXProject "ZeroStore" */;
			compatibilityVersion = "Xcode 3.2";
			developmentRegion = English;
			hasScannedForEncodings = 0;
			knownRegions = (
				en,
				Base,
			);
			mainGroup = 27FAF8E11B98926C00619BD3;
			productRefGroup = 27FAF8EB1B98926C00619BD3 /* Products */;
			projectDirPath = "";
			projectRoot = "";
			targets = (
				27FAF8E91B98926C00619BD3 /* ZeroStore */,
				272B7AC81B98C524005785AA /* EnterPassword */,
				27FAF8FE1B98926C00619BD3 /* ZeroStoreTests */,
				274AF6CC1B9B992700AF6DFB /* ZeroStoreUITests */,
			);
		};
/* End PBXProject section */

/* Begin PBXResourcesBuildPhase section */
		272B7AC71B98C524005785AA /* Resources */ = {
			isa = PBXResourcesBuildPhase;
			buildActionMask = 2147483647;
			files = (
				272B7ADA1B98D618005785AA /* Images.xcassets in Resources */,
				272B7ACF1B98C524005785AA /* MainInterface.storyboard in Resources */,
			);
			runOnlyForDeploymentPostprocessing = 0;
		};
		274AF6CB1B9B992700AF6DFB /* Resources */ = {
			isa = PBXResourcesBuildPhase;
			buildActionMask = 2147483647;
			files = (
			);
			runOnlyForDeploymentPostprocessing = 0;
		};
		27FAF8E81B98926C00619BD3 /* Resources */ = {
			isa = PBXResourcesBuildPhase;
			buildActionMask = 2147483647;
			files = (
				274AF6C51B9B757F00AF6DFB /* Main.storyboard in Resources */,
				271D37041B9DEEB3008FF159 /* About.storyboard in Resources */,
				2794713F1B9A0B8A001359C7 /* LaunchScreen.storyboard in Resources */,
				27414B2C1B9A88BF00B490C5 /* Tutorial.storyboard in Resources */,
				27FAF8F71B98926C00619BD3 /* Images.xcassets in Resources */,
			);
			runOnlyForDeploymentPostprocessing = 0;
		};
		27FAF8FD1B98926C00619BD3 /* Resources */ = {
			isa = PBXResourcesBuildPhase;
			buildActionMask = 2147483647;
			files = (
			);
			runOnlyForDeploymentPostprocessing = 0;
		};
/* End PBXResourcesBuildPhase section */

/* Begin PBXShellScriptBuildPhase section */
		170A49848F6B9A1C4D8B5B7E /* Embed Pods Frameworks */ = {
			isa = PBXShellScriptBuildPhase;
			buildActionMask = 2147483647;
			files = (
			);
			inputPaths = (
			);
			name = "Embed Pods Frameworks";
			outputPaths = (
			);
			runOnlyForDeploymentPostprocessing = 0;
			shellPath = /bin/sh;
			shellScript = "\"${SRCROOT}/Pods/Target Support Files/Pods/Pods-frameworks.sh\"\n";
			showEnvVarsInLog = 0;
		};
		27A8E7F4C657E718A0C5F03E /* Copy Pods Resources */ = {
			isa = PBXShellScriptBuildPhase;
			buildActionMask = 2147483647;
			files = (
			);
			inputPaths = (
			);
			name = "Copy Pods Resources";
			outputPaths = (
			);
			runOnlyForDeploymentPostprocessing = 0;
			shellPath = /bin/sh;
			shellScript = "\"${SRCROOT}/Pods/Target Support Files/Pods/Pods-resources.sh\"\n";
			showEnvVarsInLog = 0;
		};
		583EB1DC26342CDF3F96C630 /* Check Pods Manifest.lock */ = {
			isa = PBXShellScriptBuildPhase;
			buildActionMask = 2147483647;
			files = (
			);
			inputPaths = (
			);
			name = "Check Pods Manifest.lock";
			outputPaths = (
			);
			runOnlyForDeploymentPostprocessing = 0;
			shellPath = /bin/sh;
			shellScript = "diff \"${PODS_ROOT}/../Podfile.lock\" \"${PODS_ROOT}/Manifest.lock\" > /dev/null\nif [[ $? != 0 ]] ; then\n    cat << EOM\nerror: The sandbox is not in sync with the Podfile.lock. Run 'pod install' or update your CocoaPods installation.\nEOM\n    exit 1\nfi\n";
			showEnvVarsInLog = 0;
		};
		EFDA2E911ACA91A1BC720417 /* Check Pods Manifest.lock */ = {
			isa = PBXShellScriptBuildPhase;
			buildActionMask = 2147483647;
			files = (
			);
			inputPaths = (
			);
			name = "Check Pods Manifest.lock";
			outputPaths = (
			);
			runOnlyForDeploymentPostprocessing = 0;
			shellPath = /bin/sh;
			shellScript = "diff \"${PODS_ROOT}/../Podfile.lock\" \"${PODS_ROOT}/Manifest.lock\" > /dev/null\nif [[ $? != 0 ]] ; then\n    cat << EOM\nerror: The sandbox is not in sync with the Podfile.lock. Run 'pod install' or update your CocoaPods installation.\nEOM\n    exit 1\nfi\n";
			showEnvVarsInLog = 0;
		};
/* End PBXShellScriptBuildPhase section */

/* Begin PBXSourcesBuildPhase section */
		272B7AC51B98C524005785AA /* Sources */ = {
			isa = PBXSourcesBuildPhase;
			buildActionMask = 2147483647;
			files = (
				272B7AD81B98CE7C005785AA /* PasswordManager.swift in Sources */,
				272B7AD91B98CF55005785AA /* String+Extensions.swift in Sources */,
				272B7ACC1B98C524005785AA /* ActionVC.swift in Sources */,
				27F53D531B98F98D00550CBE /* Constants.swift in Sources */,
			);
			runOnlyForDeploymentPostprocessing = 0;
		};
		274AF6C91B9B992700AF6DFB /* Sources */ = {
			isa = PBXSourcesBuildPhase;
			buildActionMask = 2147483647;
			files = (
				274AF6D01B9B992700AF6DFB /* ZeroStoreUITests.swift in Sources */,
				2742D7491B9B9B7E005061CD /* Constants.swift in Sources */,
			);
			runOnlyForDeploymentPostprocessing = 0;
		};
		27FAF8E61B98926C00619BD3 /* Sources */ = {
			isa = PBXSourcesBuildPhase;
			buildActionMask = 2147483647;
			files = (
				27414B2E1B9A8B2400B490C5 /* TutorialVC.swift in Sources */,
				27F53D521B98F98A00550CBE /* Constants.swift in Sources */,
				27FAF9161B98A03900619BD3 /* String+Extensions.swift in Sources */,
				27414B301B9A905500B490C5 /* TutorialContainerVC.swift in Sources */,
				27FAF9101B98928200619BD3 /* PasswordManager.swift in Sources */,
				27F53D581B99004400550CBE /* ChangePasswordVC.swift in Sources */,
				27FAF8F21B98926C00619BD3 /* SettingsVC.swift in Sources */,
				27FAF8F01B98926C00619BD3 /* AppDelegate.swift in Sources */,
				27365DA61B9916C20036A180 /* NoPasteTextField.swift in Sources */,
				271D37081B9DEF85008FF159 /* AboutVC.swift in Sources */,
				274AF6C71B9B8C0900AF6DFB /* TutorialPageVC.swift in Sources */,
			);
			runOnlyForDeploymentPostprocessing = 0;
		};
		27FAF8FB1B98926C00619BD3 /* Sources */ = {
			isa = PBXSourcesBuildPhase;
			buildActionMask = 2147483647;
			files = (
				273EA60A1B9B59A4005589C6 /* Constants.swift in Sources */,
				273EA6091B9B5941005589C6 /* String+Extensions.swift in Sources */,
				273EA6081B9B575E005589C6 /* PasswordManager.swift in Sources */,
				27FAF9061B98926C00619BD3 /* TestPasswordGeneration.swift in Sources */,
				273EA6071B9B5675005589C6 /* TestConstants.swift in Sources */,
			);
			runOnlyForDeploymentPostprocessing = 0;
		};
/* End PBXSourcesBuildPhase section */

/* Begin PBXTargetDependency section */
		272B7AD21B98C524005785AA /* PBXTargetDependency */ = {
			isa = PBXTargetDependency;
			target = 272B7AC81B98C524005785AA /* EnterPassword */;
			targetProxy = 272B7AD11B98C524005785AA /* PBXContainerItemProxy */;
		};
		274AF6D31B9B992700AF6DFB /* PBXTargetDependency */ = {
			isa = PBXTargetDependency;
			target = 27FAF8E91B98926C00619BD3 /* ZeroStore */;
			targetProxy = 274AF6D21B9B992700AF6DFB /* PBXContainerItemProxy */;
		};
		27FAF9011B98926C00619BD3 /* PBXTargetDependency */ = {
			isa = PBXTargetDependency;
			target = 27FAF8E91B98926C00619BD3 /* ZeroStore */;
			targetProxy = 27FAF9001B98926C00619BD3 /* PBXContainerItemProxy */;
		};
/* End PBXTargetDependency section */

/* Begin PBXVariantGroup section */
		272B7ACD1B98C524005785AA /* MainInterface.storyboard */ = {
			isa = PBXVariantGroup;
			children = (
				272B7ACE1B98C524005785AA /* Base */,
			);
			name = MainInterface.storyboard;
			sourceTree = "<group>";
		};
		27FAF8F31B98926C00619BD3 /* Main.storyboard */ = {
			isa = PBXVariantGroup;
			children = (
				27FAF8F41B98926C00619BD3 /* Base */,
			);
			name = Main.storyboard;
			sourceTree = "<group>";
		};
/* End PBXVariantGroup section */

/* Begin XCBuildConfiguration section */
		272B7AD41B98C524005785AA /* Debug */ = {
			isa = XCBuildConfiguration;
			baseConfigurationReference = B6D873D2935D79FF5A63A787 /* Pods.debug.xcconfig */;
			buildSettings = {
				ASSETCATALOG_COMPILER_APPICON_NAME = ActionTemplate;
				CODE_SIGN_ENTITLEMENTS = EnterPassword/EnterPassword.entitlements;
				CODE_SIGN_IDENTITY = "iPhone Developer";
				"CODE_SIGN_IDENTITY[sdk=iphoneos*]" = "iPhone Developer";
				DEBUG_INFORMATION_FORMAT = dwarf;
				INFOPLIST_FILE = EnterPassword/Info.plist;
				IPHONEOS_DEPLOYMENT_TARGET = 8.4;
				LD_RUNPATH_SEARCH_PATHS = "$(inherited) @executable_path/Frameworks @executable_path/../../Frameworks";
				PRODUCT_BUNDLE_IDENTIFIER = com.kylebashour.ZeroStore.EnterPassword;
				PRODUCT_NAME = "$(TARGET_NAME)";
				PROVISIONING_PROFILE = "";
				SKIP_INSTALL = YES;
				SWIFT_OBJC_BRIDGING_HEADER = "ZeroStore/ZeroStore-Bridging-Header.h";
				TARGETED_DEVICE_FAMILY = "1,2";
			};
			name = Debug;
		};
		272B7AD51B98C524005785AA /* Release */ = {
			isa = XCBuildConfiguration;
			baseConfigurationReference = ACF77F493C2EB06CA67BFCF5 /* Pods.release.xcconfig */;
			buildSettings = {
				ASSETCATALOG_COMPILER_APPICON_NAME = ActionTemplate;
				CODE_SIGN_ENTITLEMENTS = EnterPassword/EnterPassword.entitlements;
				CODE_SIGN_IDENTITY = "iPhone Developer";
				"CODE_SIGN_IDENTITY[sdk=iphoneos*]" = "iPhone Developer";
				INFOPLIST_FILE = EnterPassword/Info.plist;
				IPHONEOS_DEPLOYMENT_TARGET = 8.4;
				LD_RUNPATH_SEARCH_PATHS = "$(inherited) @executable_path/Frameworks @executable_path/../../Frameworks";
				PRODUCT_BUNDLE_IDENTIFIER = com.kylebashour.ZeroStore.EnterPassword;
				PRODUCT_NAME = "$(TARGET_NAME)";
				PROVISIONING_PROFILE = "";
				SKIP_INSTALL = YES;
				SWIFT_OBJC_BRIDGING_HEADER = "ZeroStore/ZeroStore-Bridging-Header.h";
				TARGETED_DEVICE_FAMILY = "1,2";
			};
			name = Release;
		};
		274AF6D51B9B992700AF6DFB /* Debug */ = {
			isa = XCBuildConfiguration;
			buildSettings = {
				DEBUG_INFORMATION_FORMAT = dwarf;
				INFOPLIST_FILE = ZeroStoreUITests/Info.plist;
				IPHONEOS_DEPLOYMENT_TARGET = 9.0;
				LD_RUNPATH_SEARCH_PATHS = "$(inherited) @executable_path/Frameworks @loader_path/Frameworks";
				PRODUCT_BUNDLE_IDENTIFIER = com.kylebashour.ZeroStoreUITests;
				PRODUCT_NAME = "$(TARGET_NAME)";
				TEST_TARGET_NAME = ZeroStore;
				USES_XCTRUNNER = YES;
			};
			name = Debug;
		};
		274AF6D61B9B992700AF6DFB /* Release */ = {
			isa = XCBuildConfiguration;
			buildSettings = {
				INFOPLIST_FILE = ZeroStoreUITests/Info.plist;
				IPHONEOS_DEPLOYMENT_TARGET = 9.0;
				LD_RUNPATH_SEARCH_PATHS = "$(inherited) @executable_path/Frameworks @loader_path/Frameworks";
				PRODUCT_BUNDLE_IDENTIFIER = com.kylebashour.ZeroStoreUITests;
				PRODUCT_NAME = "$(TARGET_NAME)";
				TEST_TARGET_NAME = ZeroStore;
				USES_XCTRUNNER = YES;
			};
			name = Release;
		};
		27FAF9071B98926C00619BD3 /* Debug */ = {
			isa = XCBuildConfiguration;
			buildSettings = {
				ALWAYS_SEARCH_USER_PATHS = NO;
				CLANG_CXX_LANGUAGE_STANDARD = "gnu++0x";
				CLANG_CXX_LIBRARY = "libc++";
				CLANG_ENABLE_MODULES = YES;
				CLANG_ENABLE_OBJC_ARC = YES;
				CLANG_WARN_BOOL_CONVERSION = YES;
				CLANG_WARN_CONSTANT_CONVERSION = YES;
				CLANG_WARN_DIRECT_OBJC_ISA_USAGE = YES_ERROR;
				CLANG_WARN_EMPTY_BODY = YES;
				CLANG_WARN_ENUM_CONVERSION = YES;
				CLANG_WARN_INT_CONVERSION = YES;
				CLANG_WARN_OBJC_ROOT_CLASS = YES_ERROR;
				CLANG_WARN_UNREACHABLE_CODE = YES;
				CLANG_WARN__DUPLICATE_METHOD_MATCH = YES;
				"CODE_SIGN_IDENTITY[sdk=iphoneos*]" = "iPhone Developer";
				COPY_PHASE_STRIP = NO;
				DEBUG_INFORMATION_FORMAT = "dwarf-with-dsym";
				ENABLE_STRICT_OBJC_MSGSEND = YES;
				ENABLE_TESTABILITY = YES;
				GCC_C_LANGUAGE_STANDARD = gnu99;
				GCC_DYNAMIC_NO_PIC = NO;
				GCC_NO_COMMON_BLOCKS = YES;
				GCC_OPTIMIZATION_LEVEL = 0;
				GCC_PREPROCESSOR_DEFINITIONS = (
					"DEBUG=1",
					"$(inherited)",
				);
				GCC_SYMBOLS_PRIVATE_EXTERN = NO;
				GCC_WARN_64_TO_32_BIT_CONVERSION = YES;
				GCC_WARN_ABOUT_RETURN_TYPE = YES_ERROR;
				GCC_WARN_UNDECLARED_SELECTOR = YES;
				GCC_WARN_UNINITIALIZED_AUTOS = YES_AGGRESSIVE;
				GCC_WARN_UNUSED_FUNCTION = YES;
				GCC_WARN_UNUSED_VARIABLE = YES;
				IPHONEOS_DEPLOYMENT_TARGET = 8.4;
				MTL_ENABLE_DEBUG_INFO = YES;
				ONLY_ACTIVE_ARCH = YES;
				SDKROOT = iphoneos;
				SWIFT_OPTIMIZATION_LEVEL = "-Onone";
				TARGETED_DEVICE_FAMILY = "1,2";
			};
			name = Debug;
		};
		27FAF9081B98926C00619BD3 /* Release */ = {
			isa = XCBuildConfiguration;
			buildSettings = {
				ALWAYS_SEARCH_USER_PATHS = NO;
				CLANG_CXX_LANGUAGE_STANDARD = "gnu++0x";
				CLANG_CXX_LIBRARY = "libc++";
				CLANG_ENABLE_MODULES = YES;
				CLANG_ENABLE_OBJC_ARC = YES;
				CLANG_WARN_BOOL_CONVERSION = YES;
				CLANG_WARN_CONSTANT_CONVERSION = YES;
				CLANG_WARN_DIRECT_OBJC_ISA_USAGE = YES_ERROR;
				CLANG_WARN_EMPTY_BODY = YES;
				CLANG_WARN_ENUM_CONVERSION = YES;
				CLANG_WARN_INT_CONVERSION = YES;
				CLANG_WARN_OBJC_ROOT_CLASS = YES_ERROR;
				CLANG_WARN_UNREACHABLE_CODE = YES;
				CLANG_WARN__DUPLICATE_METHOD_MATCH = YES;
				"CODE_SIGN_IDENTITY[sdk=iphoneos*]" = "iPhone Developer";
				COPY_PHASE_STRIP = NO;
				DEBUG_INFORMATION_FORMAT = "dwarf-with-dsym";
				ENABLE_NS_ASSERTIONS = NO;
				ENABLE_STRICT_OBJC_MSGSEND = YES;
				GCC_C_LANGUAGE_STANDARD = gnu99;
				GCC_NO_COMMON_BLOCKS = YES;
				GCC_WARN_64_TO_32_BIT_CONVERSION = YES;
				GCC_WARN_ABOUT_RETURN_TYPE = YES_ERROR;
				GCC_WARN_UNDECLARED_SELECTOR = YES;
				GCC_WARN_UNINITIALIZED_AUTOS = YES_AGGRESSIVE;
				GCC_WARN_UNUSED_FUNCTION = YES;
				GCC_WARN_UNUSED_VARIABLE = YES;
				IPHONEOS_DEPLOYMENT_TARGET = 8.4;
				MTL_ENABLE_DEBUG_INFO = NO;
				SDKROOT = iphoneos;
				TARGETED_DEVICE_FAMILY = "1,2";
				VALIDATE_PRODUCT = YES;
			};
			name = Release;
		};
		27FAF90A1B98926C00619BD3 /* Debug */ = {
			isa = XCBuildConfiguration;
			baseConfigurationReference = B6D873D2935D79FF5A63A787 /* Pods.debug.xcconfig */;
			buildSettings = {
				ASSETCATALOG_COMPILER_APPICON_NAME = AppIcon;
				CLANG_ENABLE_MODULES = YES;
				CODE_SIGN_ENTITLEMENTS = ZeroStore/ZeroStore.entitlements;
				CODE_SIGN_IDENTITY = "iPhone Developer";
				"CODE_SIGN_IDENTITY[sdk=iphoneos*]" = "iPhone Developer";
				EMBEDDED_CONTENT_CONTAINS_SWIFT = YES;
				INFOPLIST_FILE = ZeroStore/Info.plist;
				LD_RUNPATH_SEARCH_PATHS = "$(inherited) @executable_path/Frameworks";
				PRODUCT_BUNDLE_IDENTIFIER = "com.kylebashour.$(PRODUCT_NAME:rfc1034identifier)";
				PRODUCT_NAME = "$(TARGET_NAME)";
				PROVISIONING_PROFILE = "";
				SWIFT_OBJC_BRIDGING_HEADER = "ZeroStore/ZeroStore-Bridging-Header.h";
				SWIFT_OPTIMIZATION_LEVEL = "-Onone";
				TARGETED_DEVICE_FAMILY = "1,2";
			};
			name = Debug;
		};
		27FAF90B1B98926C00619BD3 /* Release */ = {
			isa = XCBuildConfiguration;
			baseConfigurationReference = ACF77F493C2EB06CA67BFCF5 /* Pods.release.xcconfig */;
			buildSettings = {
				ASSETCATALOG_COMPILER_APPICON_NAME = AppIcon;
				CLANG_ENABLE_MODULES = YES;
				CODE_SIGN_ENTITLEMENTS = ZeroStore/ZeroStore.entitlements;
				CODE_SIGN_IDENTITY = "iPhone Developer";
				"CODE_SIGN_IDENTITY[sdk=iphoneos*]" = "iPhone Developer";
				EMBEDDED_CONTENT_CONTAINS_SWIFT = YES;
				INFOPLIST_FILE = ZeroStore/Info.plist;
				LD_RUNPATH_SEARCH_PATHS = "$(inherited) @executable_path/Frameworks";
				PRODUCT_BUNDLE_IDENTIFIER = "com.kylebashour.$(PRODUCT_NAME:rfc1034identifier)";
				PRODUCT_NAME = "$(TARGET_NAME)";
				PROVISIONING_PROFILE = "";
				SWIFT_OBJC_BRIDGING_HEADER = "ZeroStore/ZeroStore-Bridging-Header.h";
				TARGETED_DEVICE_FAMILY = "1,2";
			};
			name = Release;
		};
		27FAF90D1B98926C00619BD3 /* Debug */ = {
			isa = XCBuildConfiguration;
			buildSettings = {
				BUNDLE_LOADER = "$(TEST_HOST)";
				FRAMEWORK_SEARCH_PATHS = (
					"$(SDKROOT)/Developer/Library/Frameworks",
					"$(inherited)",
				);
				GCC_PREPROCESSOR_DEFINITIONS = (
					"DEBUG=1",
					"$(inherited)",
				);
				INFOPLIST_FILE = ZeroStoreTests/Info.plist;
				LD_RUNPATH_SEARCH_PATHS = "$(inherited) @executable_path/Frameworks @loader_path/Frameworks";
				PRODUCT_BUNDLE_IDENTIFIER = "com.kylebashour.$(PRODUCT_NAME:rfc1034identifier)";
				PRODUCT_NAME = "$(TARGET_NAME)";
				SWIFT_OBJC_BRIDGING_HEADER = "ZeroStore/ZeroStore-Bridging-Header.h";
				TEST_HOST = "$(BUILT_PRODUCTS_DIR)/ZeroStore.app/ZeroStore";
			};
			name = Debug;
		};
		27FAF90E1B98926C00619BD3 /* Release */ = {
			isa = XCBuildConfiguration;
			buildSettings = {
				BUNDLE_LOADER = "$(TEST_HOST)";
				FRAMEWORK_SEARCH_PATHS = (
					"$(SDKROOT)/Developer/Library/Frameworks",
					"$(inherited)",
				);
				INFOPLIST_FILE = ZeroStoreTests/Info.plist;
				LD_RUNPATH_SEARCH_PATHS = "$(inherited) @executable_path/Frameworks @loader_path/Frameworks";
				PRODUCT_BUNDLE_IDENTIFIER = "com.kylebashour.$(PRODUCT_NAME:rfc1034identifier)";
				PRODUCT_NAME = "$(TARGET_NAME)";
				SWIFT_OBJC_BRIDGING_HEADER = "ZeroStore/ZeroStore-Bridging-Header.h";
				TEST_HOST = "$(BUILT_PRODUCTS_DIR)/ZeroStore.app/ZeroStore";
			};
			name = Release;
		};
/* End XCBuildConfiguration section */

/* Begin XCConfigurationList section */
		272B7AD61B98C524005785AA /* Build configuration list for PBXNativeTarget "EnterPassword" */ = {
			isa = XCConfigurationList;
			buildConfigurations = (
				272B7AD41B98C524005785AA /* Debug */,
				272B7AD51B98C524005785AA /* Release */,
			);
			defaultConfigurationIsVisible = 0;
			defaultConfigurationName = Release;
		};
		274AF6D41B9B992700AF6DFB /* Build configuration list for PBXNativeTarget "ZeroStoreUITests" */ = {
			isa = XCConfigurationList;
			buildConfigurations = (
				274AF6D51B9B992700AF6DFB /* Debug */,
				274AF6D61B9B992700AF6DFB /* Release */,
			);
			defaultConfigurationIsVisible = 0;
			defaultConfigurationName = Release;
		};
		27FAF8E51B98926C00619BD3 /* Build configuration list for PBXProject "ZeroStore" */ = {
			isa = XCConfigurationList;
			buildConfigurations = (
				27FAF9071B98926C00619BD3 /* Debug */,
				27FAF9081B98926C00619BD3 /* Release */,
			);
			defaultConfigurationIsVisible = 0;
			defaultConfigurationName = Release;
		};
		27FAF9091B98926C00619BD3 /* Build configuration list for PBXNativeTarget "ZeroStore" */ = {
			isa = XCConfigurationList;
			buildConfigurations = (
				27FAF90A1B98926C00619BD3 /* Debug */,
				27FAF90B1B98926C00619BD3 /* Release */,
			);
			defaultConfigurationIsVisible = 0;
			defaultConfigurationName = Release;
		};
		27FAF90C1B98926C00619BD3 /* Build configuration list for PBXNativeTarget "ZeroStoreTests" */ = {
			isa = XCConfigurationList;
			buildConfigurations = (
				27FAF90D1B98926C00619BD3 /* Debug */,
				27FAF90E1B98926C00619BD3 /* Release */,
			);
			defaultConfigurationIsVisible = 0;
			defaultConfigurationName = Release;
		};
/* End XCConfigurationList section */
	};
	rootObject = 27FAF8E21B98926C00619BD3 /* Project object */;
}
